// !$*UTF8*$!
{
	archiveVersion = 1;
	classes = {
	};
	objectVersion = 46;
	objects = {

/* Begin PBXBuildFile section */
		BA6B4E411BD1605900A04D0F /* Data.swift in Sources */ = {isa = PBXBuildFile; fileRef = BA6B4E401BD1605900A04D0F /* Data.swift */; settings = {ASSET_TAGS = (); }; };
		BA6FBF511BCD811C00ACC506 /* DetailViewController.swift in Sources */ = {isa = PBXBuildFile; fileRef = BA6FBF501BCD811C00ACC506 /* DetailViewController.swift */; settings = {ASSET_TAGS = (); }; };
		BA7BC63D1BCAC4A9008D2459 /* BlurView.swift in Sources */ = {isa = PBXBuildFile; fileRef = BA7BC6381BCAC4A9008D2459 /* BlurView.swift */; settings = {ASSET_TAGS = (); }; };
		BA7BC63E1BCAC4A9008D2459 /* Data.swift in Sources */ = {isa = PBXBuildFile; fileRef = BA7BC6391BCAC4A9008D2459 /* Data.swift */; settings = {ASSET_TAGS = (); }; };
		BA7BC63F1BCAC4A9008D2459 /* DesignableView.swift in Sources */ = {isa = PBXBuildFile; fileRef = BA7BC63A1BCAC4A9008D2459 /* DesignableView.swift */; settings = {ASSET_TAGS = (); }; };
		BA7BC6401BCAC4A9008D2459 /* Misc.swift in Sources */ = {isa = PBXBuildFile; fileRef = BA7BC63B1BCAC4A9008D2459 /* Misc.swift */; settings = {ASSET_TAGS = (); }; };
		BA7BC6411BCAC4A9008D2459 /* SpringAnimation.swift in Sources */ = {isa = PBXBuildFile; fileRef = BA7BC63C1BCAC4A9008D2459 /* SpringAnimation.swift */; settings = {ASSET_TAGS = (); }; };
		BA93BC251BCC2C4E00A5BBB8 /* CustomForwardSegue.swift in Sources */ = {isa = PBXBuildFile; fileRef = BA93BC241BCC2C4E00A5BBB8 /* CustomForwardSegue.swift */; settings = {ASSET_TAGS = (); }; };
		BA93BC271BCC2C7800A5BBB8 /* CustomBackwardSeque.swift in Sources */ = {isa = PBXBuildFile; fileRef = BA93BC261BCC2C7800A5BBB8 /* CustomBackwardSeque.swift */; settings = {ASSET_TAGS = (); }; };
		BA93BC2B1BCC40F200A5BBB8 /* CustomSearchBar.swift in Sources */ = {isa = PBXBuildFile; fileRef = BA93BC2A1BCC40F200A5BBB8 /* CustomSearchBar.swift */; settings = {ASSET_TAGS = (); }; };
		BAB3982F1BC974DC00D9FFAE /* AppDelegate.swift in Sources */ = {isa = PBXBuildFile; fileRef = BAB3982E1BC974DC00D9FFAE /* AppDelegate.swift */; };
		BAB398311BC974DC00D9FFAE /* ViewController.swift in Sources */ = {isa = PBXBuildFile; fileRef = BAB398301BC974DC00D9FFAE /* ViewController.swift */; };
		BAB398341BC974DC00D9FFAE /* Main.storyboard in Resources */ = {isa = PBXBuildFile; fileRef = BAB398321BC974DC00D9FFAE /* Main.storyboard */; };
		BAB398371BC974DD00D9FFAE /* glutenblogPlay2.xcdatamodeld in Sources */ = {isa = PBXBuildFile; fileRef = BAB398351BC974DD00D9FFAE /* glutenblogPlay2.xcdatamodeld */; };
		BAB398391BC974DD00D9FFAE /* Assets.xcassets in Resources */ = {isa = PBXBuildFile; fileRef = BAB398381BC974DD00D9FFAE /* Assets.xcassets */; };
		BAB3983C1BC974DD00D9FFAE /* LaunchScreen.storyboard in Resources */ = {isa = PBXBuildFile; fileRef = BAB3983A1BC974DD00D9FFAE /* LaunchScreen.storyboard */; };
/* End PBXBuildFile section */

/* Begin PBXFileReference section */
		BA6B4E401BD1605900A04D0F /* Data.swift */ = {isa = PBXFileReference; fileEncoding = 4; lastKnownFileType = sourcecode.swift; path = Data.swift; sourceTree = "<group>"; };
		BA6FBF501BCD811C00ACC506 /* DetailViewController.swift */ = {isa = PBXFileReference; fileEncoding = 4; lastKnownFileType = sourcecode.swift; path = DetailViewController.swift; sourceTree = "<group>"; };
		BA7BC6381BCAC4A9008D2459 /* BlurView.swift */ = {isa = PBXFileReference; fileEncoding = 4; lastKnownFileType = sourcecode.swift; path = BlurView.swift; sourceTree = "<group>"; };
		BA7BC6391BCAC4A9008D2459 /* Data.swift */ = {isa = PBXFileReference; fileEncoding = 4; lastKnownFileType = sourcecode.swift; path = Data.swift; sourceTree = "<group>"; };
		BA7BC63A1BCAC4A9008D2459 /* DesignableView.swift */ = {isa = PBXFileReference; fileEncoding = 4; lastKnownFileType = sourcecode.swift; path = DesignableView.swift; sourceTree = "<group>"; };
		BA7BC63B1BCAC4A9008D2459 /* Misc.swift */ = {isa = PBXFileReference; fileEncoding = 4; lastKnownFileType = sourcecode.swift; path = Misc.swift; sourceTree = "<group>"; };
		BA7BC63C1BCAC4A9008D2459 /* SpringAnimation.swift */ = {isa = PBXFileReference; fileEncoding = 4; lastKnownFileType = sourcecode.swift; path = SpringAnimation.swift; sourceTree = "<group>"; };
		BA93BC241BCC2C4E00A5BBB8 /* CustomForwardSegue.swift */ = {isa = PBXFileReference; fileEncoding = 4; lastKnownFileType = sourcecode.swift; path = CustomForwardSegue.swift; sourceTree = "<group>"; };
		BA93BC261BCC2C7800A5BBB8 /* CustomBackwardSeque.swift */ = {isa = PBXFileReference; fileEncoding = 4; lastKnownFileType = sourcecode.swift; path = CustomBackwardSeque.swift; sourceTree = "<group>"; };
		BA93BC2A1BCC40F200A5BBB8 /* CustomSearchBar.swift */ = {isa = PBXFileReference; fileEncoding = 4; lastKnownFileType = sourcecode.swift; name = CustomSearchBar.swift; path = Spring/CustomSearchBar.swift; sourceTree = "<group>"; };
		BAB3982B1BC974DC00D9FFAE /* glutenblogPlay2.app */ = {isa = PBXFileReference; explicitFileType = wrapper.application; includeInIndex = 0; path = glutenblogPlay2.app; sourceTree = BUILT_PRODUCTS_DIR; };
		BAB3982E1BC974DC00D9FFAE /* AppDelegate.swift */ = {isa = PBXFileReference; lastKnownFileType = sourcecode.swift; path = AppDelegate.swift; sourceTree = "<group>"; };
		BAB398301BC974DC00D9FFAE /* ViewController.swift */ = {isa = PBXFileReference; lastKnownFileType = sourcecode.swift; path = ViewController.swift; sourceTree = "<group>"; };
		BAB398331BC974DC00D9FFAE /* Base */ = {isa = PBXFileReference; lastKnownFileType = file.storyboard; name = Base; path = Base.lproj/Main.storyboard; sourceTree = "<group>"; };
		BAB398361BC974DD00D9FFAE /* glutenblogPlay2.xcdatamodel */ = {isa = PBXFileReference; lastKnownFileType = wrapper.xcdatamodel; path = glutenblogPlay2.xcdatamodel; sourceTree = "<group>"; };
		BAB398381BC974DD00D9FFAE /* Assets.xcassets */ = {isa = PBXFileReference; lastKnownFileType = folder.assetcatalog; path = Assets.xcassets; sourceTree = "<group>"; };
		BAB3983B1BC974DD00D9FFAE /* Base */ = {isa = PBXFileReference; lastKnownFileType = file.storyboard; name = Base; path = Base.lproj/LaunchScreen.storyboard; sourceTree = "<group>"; };
		BAB3983D1BC974DD00D9FFAE /* Info.plist */ = {isa = PBXFileReference; lastKnownFileType = text.plist.xml; path = Info.plist; sourceTree = "<group>"; };
/* End PBXFileReference section */

/* Begin PBXFrameworksBuildPhase section */
		BAB398281BC974DC00D9FFAE /* Frameworks */ = {
			isa = PBXFrameworksBuildPhase;
			buildActionMask = 2147483647;
			files = (
			);
			runOnlyForDeploymentPostprocessing = 0;
		};
/* End PBXFrameworksBuildPhase section */

/* Begin PBXGroup section */
		BA7BC6371BCAC4A9008D2459 /* Spring */ = {
			isa = PBXGroup;
			children = (
				BA7BC6381BCAC4A9008D2459 /* BlurView.swift */,
				BA7BC6391BCAC4A9008D2459 /* Data.swift */,
				BA7BC63A1BCAC4A9008D2459 /* DesignableView.swift */,
				BA7BC63B1BCAC4A9008D2459 /* Misc.swift */,
				BA7BC63C1BCAC4A9008D2459 /* SpringAnimation.swift */,
			);
			path = Spring;
			sourceTree = "<group>";
		};
		BAB398221BC974DC00D9FFAE = {
			isa = PBXGroup;
			children = (
				BAB3982D1BC974DC00D9FFAE /* glutenblogPlay2 */,
				BAB3982C1BC974DC00D9FFAE /* Products */,
			);
			sourceTree = "<group>";
		};
		BAB3982C1BC974DC00D9FFAE /* Products */ = {
			isa = PBXGroup;
			children = (
				BAB3982B1BC974DC00D9FFAE /* glutenblogPlay2.app */,
			);
			name = Products;
			sourceTree = "<group>";
		};
		BAB3982D1BC974DC00D9FFAE /* glutenblogPlay2 */ = {
			isa = PBXGroup;
			children = (
				BA7BC6371BCAC4A9008D2459 /* Spring */,
				BAB3982E1BC974DC00D9FFAE /* AppDelegate.swift */,
				BA93BC2A1BCC40F200A5BBB8 /* CustomSearchBar.swift */,
				BAB398301BC974DC00D9FFAE /* ViewController.swift */,
				BAB398321BC974DC00D9FFAE /* Main.storyboard */,
				BAB398381BC974DD00D9FFAE /* Assets.xcassets */,
				BAB3983A1BC974DD00D9FFAE /* LaunchScreen.storyboard */,
				BAB3983D1BC974DD00D9FFAE /* Info.plist */,
				BAB398351BC974DD00D9FFAE /* glutenblogPlay2.xcdatamodeld */,
				BA93BC241BCC2C4E00A5BBB8 /* CustomForwardSegue.swift */,
				BA93BC261BCC2C7800A5BBB8 /* CustomBackwardSeque.swift */,
				BA6FBF501BCD811C00ACC506 /* DetailViewController.swift */,
				BA6B4E401BD1605900A04D0F /* Data.swift */,
			);
			path = glutenblogPlay2;
			sourceTree = "<group>";
		};
/* End PBXGroup section */

/* Begin PBXNativeTarget section */
		BAB3982A1BC974DC00D9FFAE /* glutenblogPlay2 */ = {
			isa = PBXNativeTarget;
			buildConfigurationList = BAB398401BC974DD00D9FFAE /* Build configuration list for PBXNativeTarget "glutenblogPlay2" */;
			buildPhases = (
				BAB398271BC974DC00D9FFAE /* Sources */,
				BAB398281BC974DC00D9FFAE /* Frameworks */,
				BAB398291BC974DC00D9FFAE /* Resources */,
			);
			buildRules = (
			);
			dependencies = (
			);
			name = glutenblogPlay2;
			productName = glutenblogPlay2;
			productReference = BAB3982B1BC974DC00D9FFAE /* glutenblogPlay2.app */;
			productType = "com.apple.product-type.application";
		};
/* End PBXNativeTarget section */

/* Begin PBXProject section */
		BAB398231BC974DC00D9FFAE /* Project object */ = {
			isa = PBXProject;
			attributes = {
				LastUpgradeCheck = 0700;
				ORGANIZATIONNAME = "Thomas Karg";
				TargetAttributes = {
					BAB3982A1BC974DC00D9FFAE = {
						CreatedOnToolsVersion = 7.0.1;
						DevelopmentTeam = V7D269JMMB;
					};
				};
			};
			buildConfigurationList = BAB398261BC974DC00D9FFAE /* Build configuration list for PBXProject "glutenblogPlay2" */;
			compatibilityVersion = "Xcode 3.2";
			developmentRegion = English;
			hasScannedForEncodings = 0;
			knownRegions = (
				en,
				Base,
			);
			mainGroup = BAB398221BC974DC00D9FFAE;
			productRefGroup = BAB3982C1BC974DC00D9FFAE /* Products */;
			projectDirPath = "";
			projectRoot = "";
			targets = (
				BAB3982A1BC974DC00D9FFAE /* glutenblogPlay2 */,
			);
		};
/* End PBXProject section */

/* Begin PBXResourcesBuildPhase section */
		BAB398291BC974DC00D9FFAE /* Resources */ = {
			isa = PBXResourcesBuildPhase;
			buildActionMask = 2147483647;
			files = (
				BAB3983C1BC974DD00D9FFAE /* LaunchScreen.storyboard in Resources */,
				BAB398391BC974DD00D9FFAE /* Assets.xcassets in Resources */,
				BAB398341BC974DC00D9FFAE /* Main.storyboard in Resources */,
			);
			runOnlyForDeploymentPostprocessing = 0;
		};
/* End PBXResourcesBuildPhase section */

/* Begin PBXSourcesBuildPhase section */
		BAB398271BC974DC00D9FFAE /* Sources */ = {
			isa = PBXSourcesBuildPhase;
			buildActionMask = 2147483647;
			files = (
				BAB398311BC974DC00D9FFAE /* ViewController.swift in Sources */,
				BA7BC63E1BCAC4A9008D2459 /* Data.swift in Sources */,
				BA93BC251BCC2C4E00A5BBB8 /* CustomForwardSegue.swift in Sources */,
				BA6FBF511BCD811C00ACC506 /* DetailViewController.swift in Sources */,
				BA7BC63F1BCAC4A9008D2459 /* DesignableView.swift in Sources */,
				BA7BC6411BCAC4A9008D2459 /* SpringAnimation.swift in Sources */,
				BA7BC63D1BCAC4A9008D2459 /* BlurView.swift in Sources */,
				BA7BC6401BCAC4A9008D2459 /* Misc.swift in Sources */,
				BA6B4E411BD1605900A04D0F /* Data.swift in Sources */,
				BA93BC271BCC2C7800A5BBB8 /* CustomBackwardSeque.swift in Sources */,
				BAB3982F1BC974DC00D9FFAE /* AppDelegate.swift in Sources */,
				BA93BC2B1BCC40F200A5BBB8 /* CustomSearchBar.swift in Sources */,
				BAB398371BC974DD00D9FFAE /* glutenblogPlay2.xcdatamodeld in Sources */,
			);
			runOnlyForDeploymentPostprocessing = 0;
		};
/* End PBXSourcesBuildPhase section */

/* Begin PBXVariantGroup section */
		BAB398321BC974DC00D9FFAE /* Main.storyboard */ = {
			isa = PBXVariantGroup;
			children = (
				BAB398331BC974DC00D9FFAE /* Base */,
			);
			name = Main.storyboard;
			sourceTree = "<group>";
		};
		BAB3983A1BC974DD00D9FFAE /* LaunchScreen.storyboard */ = {
			isa = PBXVariantGroup;
			children = (
				BAB3983B1BC974DD00D9FFAE /* Base */,
			);
			name = LaunchScreen.storyboard;
			sourceTree = "<group>";
		};
/* End PBXVariantGroup section */

/* Begin XCBuildConfiguration section */
		BAB3983E1BC974DD00D9FFAE /* Debug */ = {
			isa = XCBuildConfiguration;
			buildSettings = {
				ALWAYS_SEARCH_USER_PATHS = NO;
				CLANG_CXX_LANGUAGE_STANDARD = "gnu++0x";
				CLANG_CXX_LIBRARY = "libc++";
				CLANG_ENABLE_MODULES = YES;
				CLANG_ENABLE_OBJC_ARC = YES;
				CLANG_WARN_BOOL_CONVERSION = YES;
				CLANG_WARN_CONSTANT_CONVERSION = YES;
				CLANG_WARN_DIRECT_OBJC_ISA_USAGE = YES_ERROR;
				CLANG_WARN_EMPTY_BODY = YES;
				CLANG_WARN_ENUM_CONVERSION = YES;
				CLANG_WARN_INT_CONVERSION = YES;
				CLANG_WARN_OBJC_ROOT_CLASS = YES_ERROR;
				CLANG_WARN_UNREACHABLE_CODE = YES;
				CLANG_WARN__DUPLICATE_METHOD_MATCH = YES;
				"CODE_SIGN_IDENTITY[sdk=iphoneos*]" = "iPhone Developer";
				COPY_PHASE_STRIP = NO;
				DEBUG_INFORMATION_FORMAT = dwarf;
				ENABLE_STRICT_OBJC_MSGSEND = YES;
				ENABLE_TESTABILITY = YES;
				GCC_C_LANGUAGE_STANDARD = gnu99;
				GCC_DYNAMIC_NO_PIC = NO;
				GCC_NO_COMMON_BLOCKS = YES;
				GCC_OPTIMIZATION_LEVEL = 0;
				GCC_PREPROCESSOR_DEFINITIONS = (
					"DEBUG=1",
					"$(inherited)",
				);
				GCC_WARN_64_TO_32_BIT_CONVERSION = YES;
				GCC_WARN_ABOUT_RETURN_TYPE = YES_ERROR;
				GCC_WARN_UNDECLARED_SELECTOR = YES;
				GCC_WARN_UNINITIALIZED_AUTOS = YES_AGGRESSIVE;
				GCC_WARN_UNUSED_FUNCTION = YES;
				GCC_WARN_UNUSED_VARIABLE = YES;
				IPHONEOS_DEPLOYMENT_TARGET = 9.0;
				MTL_ENABLE_DEBUG_INFO = YES;
				ONLY_ACTIVE_ARCH = YES;
				SDKROOT = iphoneos;
				SWIFT_OPTIMIZATION_LEVEL = "-Onone";
			};
			name = Debug;
		};
		BAB3983F1BC974DD00D9FFAE /* Release */ = {
			isa = XCBuildConfiguration;
			buildSettings = {
				ALWAYS_SEARCH_USER_PATHS = NO;
				CLANG_CXX_LANGUAGE_STANDARD = "gnu++0x";
				CLANG_CXX_LIBRARY = "libc++";
				CLANG_ENABLE_MODULES = YES;
				CLANG_ENABLE_OBJC_ARC = YES;
				CLANG_WARN_BOOL_CONVERSION = YES;
				CLANG_WARN_CONSTANT_CONVERSION = YES;
				CLANG_WARN_DIRECT_OBJC_ISA_USAGE = YES_ERROR;
				CLANG_WARN_EMPTY_BODY = YES;
				CLANG_WARN_ENUM_CONVERSION = YES;
				CLANG_WARN_INT_CONVERSION = YES;
				CLANG_WARN_OBJC_ROOT_CLASS = YES_ERROR;
				CLANG_WARN_UNREACHABLE_CODE = YES;
				CLANG_WARN__DUPLICATE_METHOD_MATCH = YES;
				"CODE_SIGN_IDENTITY[sdk=iphoneos*]" = "iPhone Developer";
				COPY_PHASE_STRIP = NO;
				DEBUG_INFORMATION_FORMAT = "dwarf-with-dsym";
				ENABLE_NS_ASSERTIONS = NO;
				ENABLE_STRICT_OBJC_MSGSEND = YES;
				GCC_C_LANGUAGE_STANDARD = gnu99;
				GCC_NO_COMMON_BLOCKS = YES;
				GCC_WARN_64_TO_32_BIT_CONVERSION = YES;
				GCC_WARN_ABOUT_RETURN_TYPE = YES_ERROR;
				GCC_WARN_UNDECLARED_SELECTOR = YES;
				GCC_WARN_UNINITIALIZED_AUTOS = YES_AGGRESSIVE;
				GCC_WARN_UNUSED_FUNCTION = YES;
				GCC_WARN_UNUSED_VARIABLE = YES;
				IPHONEOS_DEPLOYMENT_TARGET = 9.0;
				MTL_ENABLE_DEBUG_INFO = NO;
				SDKROOT = iphoneos;
				VALIDATE_PRODUCT = YES;
			};
			name = Release;
		};
		BAB398411BC974DD00D9FFAE /* Debug */ = {
			isa = XCBuildConfiguration;
			buildSettings = {
				ASSETCATALOG_COMPILER_APPICON_NAME = AppIcon;
				INFOPLIST_FILE = glutenblogPlay2/Info.plist;
				LD_RUNPATH_SEARCH_PATHS = "$(inherited) @executable_path/Frameworks";
				PRODUCT_BUNDLE_IDENTIFIER = com.karg.glutenblogPlay2;
				PRODUCT_NAME = "$(TARGET_NAME)";
			};
			name = Debug;
		};
		BAB398421BC974DD00D9FFAE /* Release */ = {
			isa = XCBuildConfiguration;
			buildSettings = {
				ASSETCATALOG_COMPILER_APPICON_NAME = AppIcon;
				INFOPLIST_FILE = glutenblogPlay2/Info.plist;
				LD_RUNPATH_SEARCH_PATHS = "$(inherited) @executable_path/Frameworks";
				PRODUCT_BUNDLE_IDENTIFIER = com.karg.glutenblogPlay2;
				PRODUCT_NAME = "$(TARGET_NAME)";
			};
			name = Release;
		};
/* End XCBuildConfiguration section */

/* Begin XCConfigurationList section */
		BAB398261BC974DC00D9FFAE /* Build configuration list for PBXProject "glutenblogPlay2" */ = {
			isa = XCConfigurationList;
			buildConfigurations = (
				BAB3983E1BC974DD00D9FFAE /* Debug */,
				BAB3983F1BC974DD00D9FFAE /* Release */,
			);
			defaultConfigurationIsVisible = 0;
			defaultConfigurationName = Release;
		};
		BAB398401BC974DD00D9FFAE /* Build configuration list for PBXNativeTarget "glutenblogPlay2" */ = {
			isa = XCConfigurationList;
			buildConfigurations = (
				BAB398411BC974DD00D9FFAE /* Debug */,
				BAB398421BC974DD00D9FFAE /* Release */,
			);
			defaultConfigurationIsVisible = 0;
			defaultConfigurationName = Release;
		};
/* End XCConfigurationList section */

/* Begin XCVersionGroup section */
		BAB398351BC974DD00D9FFAE /* glutenblogPlay2.xcdatamodeld */ = {
			isa = XCVersionGroup;
			children = (
				BAB398361BC974DD00D9FFAE /* glutenblogPlay2.xcdatamodel */,
			);
			currentVersion = BAB398361BC974DD00D9FFAE /* glutenblogPlay2.xcdatamodel */;
			path = glutenblogPlay2.xcdatamodeld;
			sourceTree = "<group>";
			versionGroupType = wrapper.xcdatamodel;
		};
/* End XCVersionGroup section */
	};
	rootObject = BAB398231BC974DC00D9FFAE /* Project object */;
}
